Microsoft Visual Studio Solution File, Format Version 12.00
# Visual Studio Version 17
VisualStudioVersion = 17.5.2.0
MinimumVisualStudioVersion = 10.0.40219.1
Project("{FAE04EC0-301F-11D3-BF4B-00C04F79EFBC}") = "ProjetoAssistenciaTecnicaWeb", "ProjetoAssistenciaTecnicaWeb.csproj", "{7D65185D-1214-CBF9-7C91-DB4214B8A017}"
EndProject
Global
	GlobalSection(SolutionConfigurationPlatforms) = preSolution
		Debug|Any CPU = Debug|Any CPU
		Release|Any CPU = Release|Any CPU
	EndGlobalSection
	GlobalSection(ProjectConfigurationPlatforms) = postSolution
		{7D65185D-1214-CBF9-7C91-DB4214B8A017}.Debug|Any CPU.ActiveCfg = Debug|Any CPU
		{7D65185D-1214-CBF9-7C91-DB4214B8A017}.Debug|Any CPU.Build.0 = Debug|Any CPU
		{7D65185D-1214-CBF9-7C91-DB4214B8A017}.Release|Any CPU.ActiveCfg = Release|Any CPU
		{7D65185D-1214-CBF9-7C91-DB4214B8A017}.Release|Any CPU.Build.0 = Release|Any CPU
	EndGlobalSection
	GlobalSection(SolutionProperties) = preSolution
		HideSolutionNode = FALSE
	EndGlobalSection
	GlobalSection(ExtensibilityGlobals) = postSolution
		SolutionGuid = {A33D2F3D-AF22-4A8F-A031-6DE61114B14D}
	EndGlobalSection
EndGlobal
